// !$*UTF8*$!
{
	archiveVersion = 1;
	classes = {
	};
	objectVersion = 50;
	objects = {

/* Begin PBXBuildFile section */
		EF99404026DEBF3C00D5CFF1 /* Colors.xcassets in Resources */ = {isa = PBXBuildFile; fileRef = EF99403F26DEBF3C00D5CFF1 /* Colors.xcassets */; };
		EF99404226DED0D600D5CFF1 /* Toaster.swift in Sources */ = {isa = PBXBuildFile; fileRef = EF99404126DED0D600D5CFF1 /* Toaster.swift */; };
		EFCCDE1F26DAA9BE000C4B78 /* AppDelegate.swift in Sources */ = {isa = PBXBuildFile; fileRef = EFCCDE1E26DAA9BE000C4B78 /* AppDelegate.swift */; };
		EFCCDE2126DAA9BE000C4B78 /* SceneDelegate.swift in Sources */ = {isa = PBXBuildFile; fileRef = EFCCDE2026DAA9BE000C4B78 /* SceneDelegate.swift */; };
		EFCCDE2326DAA9BE000C4B78 /* ManufacturerListViewController.swift in Sources */ = {isa = PBXBuildFile; fileRef = EFCCDE2226DAA9BE000C4B78 /* ManufacturerListViewController.swift */; };
		EFCCDE2626DAA9BE000C4B78 /* Main.storyboard in Resources */ = {isa = PBXBuildFile; fileRef = EFCCDE2426DAA9BE000C4B78 /* Main.storyboard */; };
		EFCCDE2826DAA9C1000C4B78 /* Assets.xcassets in Resources */ = {isa = PBXBuildFile; fileRef = EFCCDE2726DAA9C1000C4B78 /* Assets.xcassets */; };
		EFCCDE2B26DAA9C1000C4B78 /* LaunchScreen.storyboard in Resources */ = {isa = PBXBuildFile; fileRef = EFCCDE2926DAA9C1000C4B78 /* LaunchScreen.storyboard */; };
		EFCCDE3326DAAB37000C4B78 /* Manufacturer.swift in Sources */ = {isa = PBXBuildFile; fileRef = EFCCDE3226DAAB37000C4B78 /* Manufacturer.swift */; };
		EFCCDE3526DAC431000C4B78 /* ManufacturerListCell.swift in Sources */ = {isa = PBXBuildFile; fileRef = EFCCDE3426DAC431000C4B78 /* ManufacturerListCell.swift */; };
		EFCCDE3926DCFCA1000C4B78 /* SplashViewController.swift in Sources */ = {isa = PBXBuildFile; fileRef = EFCCDE3826DCFCA1000C4B78 /* SplashViewController.swift */; };
		EFCCDE4826DD03C7000C4B78 /* TransitionDelegate.swift in Sources */ = {isa = PBXBuildFile; fileRef = EFCCDE4426DD03C6000C4B78 /* TransitionDelegate.swift */; };
		EFCCDE4926DD03C7000C4B78 /* FadePushAnimator.swift in Sources */ = {isa = PBXBuildFile; fileRef = EFCCDE4626DD03C7000C4B78 /* FadePushAnimator.swift */; };
		EFCCDE4A26DD03C7000C4B78 /* FadePopAnimator.swift in Sources */ = {isa = PBXBuildFile; fileRef = EFCCDE4726DD03C7000C4B78 /* FadePopAnimator.swift */; };
		EFCCDE5326DD08A2000C4B78 /* Constants.swift in Sources */ = {isa = PBXBuildFile; fileRef = EFCCDE5226DD08A2000C4B78 /* Constants.swift */; };
		EFCCDE5726DD0DF8000C4B78 /* ApiService.swift in Sources */ = {isa = PBXBuildFile; fileRef = EFCCDE5626DD0DF8000C4B78 /* ApiService.swift */; };
		EFCCDE5A26DD14A3000C4B78 /* ManufacturersDto.swift in Sources */ = {isa = PBXBuildFile; fileRef = EFCCDE5926DD14A3000C4B78 /* ManufacturersDto.swift */; };
		EFCCDE5D26DD1C11000C4B78 /* Error.swift in Sources */ = {isa = PBXBuildFile; fileRef = EFCCDE5C26DD1C11000C4B78 /* Error.swift */; };
/* End PBXBuildFile section */

/* Begin PBXFileReference section */
		EF99403F26DEBF3C00D5CFF1 /* Colors.xcassets */ = {isa = PBXFileReference; lastKnownFileType = folder.assetcatalog; path = Colors.xcassets; sourceTree = "<group>"; };
		EF99404126DED0D600D5CFF1 /* Toaster.swift */ = {isa = PBXFileReference; lastKnownFileType = sourcecode.swift; path = Toaster.swift; sourceTree = "<group>"; };
		EFCCDE1B26DAA9BE000C4B78 /* BitnetVehicle.app */ = {isa = PBXFileReference; explicitFileType = wrapper.application; includeInIndex = 0; path = BitnetVehicle.app; sourceTree = BUILT_PRODUCTS_DIR; };
		EFCCDE1E26DAA9BE000C4B78 /* AppDelegate.swift */ = {isa = PBXFileReference; lastKnownFileType = sourcecode.swift; path = AppDelegate.swift; sourceTree = "<group>"; };
		EFCCDE2026DAA9BE000C4B78 /* SceneDelegate.swift */ = {isa = PBXFileReference; lastKnownFileType = sourcecode.swift; path = SceneDelegate.swift; sourceTree = "<group>"; };
		EFCCDE2226DAA9BE000C4B78 /* ManufacturerListViewController.swift */ = {isa = PBXFileReference; lastKnownFileType = sourcecode.swift; path = ManufacturerListViewController.swift; sourceTree = "<group>"; };
		EFCCDE2526DAA9BE000C4B78 /* Base */ = {isa = PBXFileReference; lastKnownFileType = file.storyboard; name = Base; path = Base.lproj/Main.storyboard; sourceTree = "<group>"; };
		EFCCDE2726DAA9C1000C4B78 /* Assets.xcassets */ = {isa = PBXFileReference; lastKnownFileType = folder.assetcatalog; path = Assets.xcassets; sourceTree = "<group>"; };
		EFCCDE2A26DAA9C1000C4B78 /* Base */ = {isa = PBXFileReference; lastKnownFileType = file.storyboard; name = Base; path = Base.lproj/LaunchScreen.storyboard; sourceTree = "<group>"; };
		EFCCDE2C26DAA9C1000C4B78 /* Info.plist */ = {isa = PBXFileReference; lastKnownFileType = text.plist.xml; path = Info.plist; sourceTree = "<group>"; };
		EFCCDE3226DAAB37000C4B78 /* Manufacturer.swift */ = {isa = PBXFileReference; lastKnownFileType = sourcecode.swift; path = Manufacturer.swift; sourceTree = "<group>"; };
		EFCCDE3426DAC431000C4B78 /* ManufacturerListCell.swift */ = {isa = PBXFileReference; lastKnownFileType = sourcecode.swift; path = ManufacturerListCell.swift; sourceTree = "<group>"; };
		EFCCDE3826DCFCA1000C4B78 /* SplashViewController.swift */ = {isa = PBXFileReference; lastKnownFileType = sourcecode.swift; path = SplashViewController.swift; sourceTree = "<group>"; };
		EFCCDE4426DD03C6000C4B78 /* TransitionDelegate.swift */ = {isa = PBXFileReference; fileEncoding = 4; lastKnownFileType = sourcecode.swift; path = TransitionDelegate.swift; sourceTree = "<group>"; };
		EFCCDE4626DD03C7000C4B78 /* FadePushAnimator.swift */ = {isa = PBXFileReference; fileEncoding = 4; lastKnownFileType = sourcecode.swift; path = FadePushAnimator.swift; sourceTree = "<group>"; };
		EFCCDE4726DD03C7000C4B78 /* FadePopAnimator.swift */ = {isa = PBXFileReference; fileEncoding = 4; lastKnownFileType = sourcecode.swift; path = FadePopAnimator.swift; sourceTree = "<group>"; };
		EFCCDE5226DD08A2000C4B78 /* Constants.swift */ = {isa = PBXFileReference; lastKnownFileType = sourcecode.swift; path = Constants.swift; sourceTree = "<group>"; };
		EFCCDE5626DD0DF8000C4B78 /* ApiService.swift */ = {isa = PBXFileReference; lastKnownFileType = sourcecode.swift; path = ApiService.swift; sourceTree = "<group>"; };
		EFCCDE5926DD14A3000C4B78 /* ManufacturersDto.swift */ = {isa = PBXFileReference; lastKnownFileType = sourcecode.swift; path = ManufacturersDto.swift; sourceTree = "<group>"; };
		EFCCDE5C26DD1C11000C4B78 /* Error.swift */ = {isa = PBXFileReference; lastKnownFileType = sourcecode.swift; path = Error.swift; sourceTree = "<group>"; };
/* End PBXFileReference section */

/* Begin PBXFrameworksBuildPhase section */
		EFCCDE1826DAA9BE000C4B78 /* Frameworks */ = {
			isa = PBXFrameworksBuildPhase;
			buildActionMask = 2147483647;
			files = (
			);
			runOnlyForDeploymentPostprocessing = 0;
		};
/* End PBXFrameworksBuildPhase section */

/* Begin PBXGroup section */
		EFCCDE1226DAA9BE000C4B78 = {
			isa = PBXGroup;
			children = (
				EFCCDE1D26DAA9BE000C4B78 /* BitnetVehicle */,
				EFCCDE1C26DAA9BE000C4B78 /* Products */,
			);
			sourceTree = "<group>";
		};
		EFCCDE1C26DAA9BE000C4B78 /* Products */ = {
			isa = PBXGroup;
			children = (
				EFCCDE1B26DAA9BE000C4B78 /* BitnetVehicle.app */,
			);
			name = Products;
			sourceTree = "<group>";
		};
		EFCCDE1D26DAA9BE000C4B78 /* BitnetVehicle */ = {
			isa = PBXGroup;
			children = (
				EFCCDE5426DD0DD8000C4B78 /* Instrastructure */,
				EFCCDE4D26DD0834000C4B78 /* Application */,
				EFCCDE4C26DD082D000C4B78 /* Presentation */,
				EFCCDE4B26DD0824000C4B78 /* Domain */,
				EFCCDE1E26DAA9BE000C4B78 /* AppDelegate.swift */,
				EFCCDE2026DAA9BE000C4B78 /* SceneDelegate.swift */,
				EFCCDE2726DAA9C1000C4B78 /* Assets.xcassets */,
				EFCCDE2C26DAA9C1000C4B78 /* Info.plist */,
				EF99403F26DEBF3C00D5CFF1 /* Colors.xcassets */,
			);
			path = BitnetVehicle;
			sourceTree = "<group>";
		};
		EFCCDE3A26DCFD4F000C4B78 /* Controllers */ = {
			isa = PBXGroup;
			children = (
				EFCCDE2226DAA9BE000C4B78 /* ManufacturerListViewController.swift */,
				EFCCDE3826DCFCA1000C4B78 /* SplashViewController.swift */,
			);
			path = Controllers;
			sourceTree = "<group>";
		};
		EFCCDE4326DD03C6000C4B78 /* CustomTransition */ = {
			isa = PBXGroup;
			children = (
				EFCCDE4426DD03C6000C4B78 /* TransitionDelegate.swift */,
				EFCCDE4526DD03C6000C4B78 /* Transitions */,
			);
			path = CustomTransition;
			sourceTree = "<group>";
		};
		EFCCDE4526DD03C6000C4B78 /* Transitions */ = {
			isa = PBXGroup;
			children = (
				EFCCDE4626DD03C7000C4B78 /* FadePushAnimator.swift */,
				EFCCDE4726DD03C7000C4B78 /* FadePopAnimator.swift */,
			);
			path = Transitions;
			sourceTree = "<group>";
		};
		EFCCDE4B26DD0824000C4B78 /* Domain */ = {
			isa = PBXGroup;
			children = (
				EFCCDE5B26DD1C01000C4B78 /* Errors */,
				EFCCDE5126DD0889000C4B78 /* Configs */,
				EFCCDE4F26DD0854000C4B78 /* Entities */,
				EFCCDE4E26DD0840000C4B78 /* Core */,
			);
			path = Domain;
			sourceTree = "<group>";
		};
		EFCCDE4C26DD082D000C4B78 /* Presentation */ = {
			isa = PBXGroup;
			children = (
				EFCCDE2426DAA9BE000C4B78 /* Main.storyboard */,
				EFCCDE2926DAA9C1000C4B78 /* LaunchScreen.storyboard */,
				EFCCDE5026DD0863000C4B78 /* Views */,
			);
			path = Presentation;
			sourceTree = "<group>";
		};
		EFCCDE4D26DD0834000C4B78 /* Application */ = {
			isa = PBXGroup;
			children = (
				EFCCDE3A26DCFD4F000C4B78 /* Controllers */,
			);
			path = Application;
			sourceTree = "<group>";
		};
		EFCCDE4E26DD0840000C4B78 /* Core */ = {
			isa = PBXGroup;
			children = (
				EFCCDE4326DD03C6000C4B78 /* CustomTransition */,
			);
			path = Core;
			sourceTree = "<group>";
		};
		EFCCDE4F26DD0854000C4B78 /* Entities */ = {
			isa = PBXGroup;
			children = (
				EFCCDE3226DAAB37000C4B78 /* Manufacturer.swift */,
			);
			path = Entities;
			sourceTree = "<group>";
		};
		EFCCDE5026DD0863000C4B78 /* Views */ = {
			isa = PBXGroup;
			children = (
				EFCCDE3426DAC431000C4B78 /* ManufacturerListCell.swift */,
				EF99404126DED0D600D5CFF1 /* Toaster.swift */,
			);
			path = Views;
			sourceTree = "<group>";
		};
		EFCCDE5126DD0889000C4B78 /* Configs */ = {
			isa = PBXGroup;
			children = (
				EFCCDE5226DD08A2000C4B78 /* Constants.swift */,
			);
			path = Configs;
			sourceTree = "<group>";
		};
		EFCCDE5426DD0DD8000C4B78 /* Instrastructure */ = {
			isa = PBXGroup;
			children = (
				EFCCDE5826DD148D000C4B78 /* Dtos */,
				EFCCDE5526DD0DE4000C4B78 /* Repositories */,
			);
			path = Instrastructure;
			sourceTree = "<group>";
		};
		EFCCDE5526DD0DE4000C4B78 /* Repositories */ = {
			isa = PBXGroup;
			children = (
				EFCCDE5626DD0DF8000C4B78 /* ApiService.swift */,
			);
			path = Repositories;
			sourceTree = "<group>";
		};
		EFCCDE5826DD148D000C4B78 /* Dtos */ = {
			isa = PBXGroup;
			children = (
				EFCCDE5926DD14A3000C4B78 /* ManufacturersDto.swift */,
			);
			path = Dtos;
			sourceTree = "<group>";
		};
		EFCCDE5B26DD1C01000C4B78 /* Errors */ = {
			isa = PBXGroup;
			children = (
				EFCCDE5C26DD1C11000C4B78 /* Error.swift */,
			);
			path = Errors;
			sourceTree = "<group>";
		};
/* End PBXGroup section */

/* Begin PBXNativeTarget section */
		EFCCDE1A26DAA9BE000C4B78 /* BitnetVehicle */ = {
			isa = PBXNativeTarget;
			buildConfigurationList = EFCCDE2F26DAA9C1000C4B78 /* Build configuration list for PBXNativeTarget "BitnetVehicle" */;
			buildPhases = (
				EFCCDE1726DAA9BE000C4B78 /* Sources */,
				EFCCDE1826DAA9BE000C4B78 /* Frameworks */,
				EFCCDE1926DAA9BE000C4B78 /* Resources */,
			);
			buildRules = (
			);
			dependencies = (
			);
			name = BitnetVehicle;
			productName = BitnetVehicle;
			productReference = EFCCDE1B26DAA9BE000C4B78 /* BitnetVehicle.app */;
			productType = "com.apple.product-type.application";
		};
/* End PBXNativeTarget section */

/* Begin PBXProject section */
		EFCCDE1326DAA9BE000C4B78 /* Project object */ = {
			isa = PBXProject;
			attributes = {
				LastSwiftUpdateCheck = 1250;
				LastUpgradeCheck = 1250;
				TargetAttributes = {
					EFCCDE1A26DAA9BE000C4B78 = {
						CreatedOnToolsVersion = 12.5.1;
					};
				};
			};
			buildConfigurationList = EFCCDE1626DAA9BE000C4B78 /* Build configuration list for PBXProject "BitnetVehicle" */;
			compatibilityVersion = "Xcode 9.3";
			developmentRegion = en;
			hasScannedForEncodings = 0;
			knownRegions = (
				en,
				Base,
			);
			mainGroup = EFCCDE1226DAA9BE000C4B78;
			productRefGroup = EFCCDE1C26DAA9BE000C4B78 /* Products */;
			projectDirPath = "";
			projectRoot = "";
			targets = (
				EFCCDE1A26DAA9BE000C4B78 /* BitnetVehicle */,
			);
		};
/* End PBXProject section */

/* Begin PBXResourcesBuildPhase section */
		EFCCDE1926DAA9BE000C4B78 /* Resources */ = {
			isa = PBXResourcesBuildPhase;
			buildActionMask = 2147483647;
			files = (
				EFCCDE2B26DAA9C1000C4B78 /* LaunchScreen.storyboard in Resources */,
				EF99404026DEBF3C00D5CFF1 /* Colors.xcassets in Resources */,
				EFCCDE2826DAA9C1000C4B78 /* Assets.xcassets in Resources */,
				EFCCDE2626DAA9BE000C4B78 /* Main.storyboard in Resources */,
			);
			runOnlyForDeploymentPostprocessing = 0;
		};
/* End PBXResourcesBuildPhase section */

/* Begin PBXSourcesBuildPhase section */
		EFCCDE1726DAA9BE000C4B78 /* Sources */ = {
			isa = PBXSourcesBuildPhase;
			buildActionMask = 2147483647;
			files = (
				EFCCDE2326DAA9BE000C4B78 /* ManufacturerListViewController.swift in Sources */,
				EFCCDE3526DAC431000C4B78 /* ManufacturerListCell.swift in Sources */,
				EFCCDE4A26DD03C7000C4B78 /* FadePopAnimator.swift in Sources */,
				EFCCDE5D26DD1C11000C4B78 /* Error.swift in Sources */,
				EFCCDE1F26DAA9BE000C4B78 /* AppDelegate.swift in Sources */,
				EFCCDE3926DCFCA1000C4B78 /* SplashViewController.swift in Sources */,
				EF99404226DED0D600D5CFF1 /* Toaster.swift in Sources */,
				EFCCDE5326DD08A2000C4B78 /* Constants.swift in Sources */,
				EFCCDE5726DD0DF8000C4B78 /* ApiService.swift in Sources */,
				EFCCDE4926DD03C7000C4B78 /* FadePushAnimator.swift in Sources */,
				EFCCDE4826DD03C7000C4B78 /* TransitionDelegate.swift in Sources */,
				EFCCDE2126DAA9BE000C4B78 /* SceneDelegate.swift in Sources */,
				EFCCDE5A26DD14A3000C4B78 /* ManufacturersDto.swift in Sources */,
				EFCCDE3326DAAB37000C4B78 /* Manufacturer.swift in Sources */,
			);
			runOnlyForDeploymentPostprocessing = 0;
		};
/* End PBXSourcesBuildPhase section */

/* Begin PBXVariantGroup section */
		EFCCDE2426DAA9BE000C4B78 /* Main.storyboard */ = {
			isa = PBXVariantGroup;
			children = (
				EFCCDE2526DAA9BE000C4B78 /* Base */,
			);
			name = Main.storyboard;
			sourceTree = "<group>";
		};
		EFCCDE2926DAA9C1000C4B78 /* LaunchScreen.storyboard */ = {
			isa = PBXVariantGroup;
			children = (
				EFCCDE2A26DAA9C1000C4B78 /* Base */,
			);
			name = LaunchScreen.storyboard;
			sourceTree = "<group>";
		};
/* End PBXVariantGroup section */

/* Begin XCBuildConfiguration section */
		EFCCDE2D26DAA9C1000C4B78 /* Debug */ = {
			isa = XCBuildConfiguration;
			buildSettings = {
				ALWAYS_SEARCH_USER_PATHS = NO;
				CLANG_ANALYZER_NONNULL = YES;
				CLANG_ANALYZER_NUMBER_OBJECT_CONVERSION = YES_AGGRESSIVE;
				CLANG_CXX_LANGUAGE_STANDARD = "gnu++14";
				CLANG_CXX_LIBRARY = "libc++";
				CLANG_ENABLE_MODULES = YES;
				CLANG_ENABLE_OBJC_ARC = YES;
				CLANG_ENABLE_OBJC_WEAK = YES;
				CLANG_WARN_BLOCK_CAPTURE_AUTORELEASING = YES;
				CLANG_WARN_BOOL_CONVERSION = YES;
				CLANG_WARN_COMMA = YES;
				CLANG_WARN_CONSTANT_CONVERSION = YES;
				CLANG_WARN_DEPRECATED_OBJC_IMPLEMENTATIONS = YES;
				CLANG_WARN_DIRECT_OBJC_ISA_USAGE = YES_ERROR;
				CLANG_WARN_DOCUMENTATION_COMMENTS = YES;
				CLANG_WARN_EMPTY_BODY = YES;
				CLANG_WARN_ENUM_CONVERSION = YES;
				CLANG_WARN_INFINITE_RECURSION = YES;
				CLANG_WARN_INT_CONVERSION = YES;
				CLANG_WARN_NON_LITERAL_NULL_CONVERSION = YES;
				CLANG_WARN_OBJC_IMPLICIT_RETAIN_SELF = YES;
				CLANG_WARN_OBJC_LITERAL_CONVERSION = YES;
				CLANG_WARN_OBJC_ROOT_CLASS = YES_ERROR;
				CLANG_WARN_QUOTED_INCLUDE_IN_FRAMEWORK_HEADER = YES;
				CLANG_WARN_RANGE_LOOP_ANALYSIS = YES;
				CLANG_WARN_STRICT_PROTOTYPES = YES;
				CLANG_WARN_SUSPICIOUS_MOVE = YES;
				CLANG_WARN_UNGUARDED_AVAILABILITY = YES_AGGRESSIVE;
				CLANG_WARN_UNREACHABLE_CODE = YES;
				CLANG_WARN__DUPLICATE_METHOD_MATCH = YES;
				COPY_PHASE_STRIP = NO;
				DEBUG_INFORMATION_FORMAT = dwarf;
				ENABLE_STRICT_OBJC_MSGSEND = YES;
				ENABLE_TESTABILITY = YES;
				GCC_C_LANGUAGE_STANDARD = gnu11;
				GCC_DYNAMIC_NO_PIC = NO;
				GCC_NO_COMMON_BLOCKS = YES;
				GCC_OPTIMIZATION_LEVEL = 0;
				GCC_PREPROCESSOR_DEFINITIONS = (
					"DEBUG=1",
					"$(inherited)",
				);
				GCC_WARN_64_TO_32_BIT_CONVERSION = YES;
				GCC_WARN_ABOUT_RETURN_TYPE = YES_ERROR;
				GCC_WARN_UNDECLARED_SELECTOR = YES;
				GCC_WARN_UNINITIALIZED_AUTOS = YES_AGGRESSIVE;
				GCC_WARN_UNUSED_FUNCTION = YES;
				GCC_WARN_UNUSED_VARIABLE = YES;
				IPHONEOS_DEPLOYMENT_TARGET = 13.0;
				MTL_ENABLE_DEBUG_INFO = INCLUDE_SOURCE;
				MTL_FAST_MATH = YES;
				ONLY_ACTIVE_ARCH = YES;
				SDKROOT = iphoneos;
				SWIFT_ACTIVE_COMPILATION_CONDITIONS = DEBUG;
				SWIFT_OPTIMIZATION_LEVEL = "-Onone";
			};
			name = Debug;
		};
		EFCCDE2E26DAA9C1000C4B78 /* Release */ = {
			isa = XCBuildConfiguration;
			buildSettings = {
				ALWAYS_SEARCH_USER_PATHS = NO;
				CLANG_ANALYZER_NONNULL = YES;
				CLANG_ANALYZER_NUMBER_OBJECT_CONVERSION = YES_AGGRESSIVE;
				CLANG_CXX_LANGUAGE_STANDARD = "gnu++14";
				CLANG_CXX_LIBRARY = "libc++";
				CLANG_ENABLE_MODULES = YES;
				CLANG_ENABLE_OBJC_ARC = YES;
				CLANG_ENABLE_OBJC_WEAK = YES;
				CLANG_WARN_BLOCK_CAPTURE_AUTORELEASING = YES;
				CLANG_WARN_BOOL_CONVERSION = YES;
				CLANG_WARN_COMMA = YES;
				CLANG_WARN_CONSTANT_CONVERSION = YES;
				CLANG_WARN_DEPRECATED_OBJC_IMPLEMENTATIONS = YES;
				CLANG_WARN_DIRECT_OBJC_ISA_USAGE = YES_ERROR;
				CLANG_WARN_DOCUMENTATION_COMMENTS = YES;
				CLANG_WARN_EMPTY_BODY = YES;
				CLANG_WARN_ENUM_CONVERSION = YES;
				CLANG_WARN_INFINITE_RECURSION = YES;
				CLANG_WARN_INT_CONVERSION = YES;
				CLANG_WARN_NON_LITERAL_NULL_CONVERSION = YES;
				CLANG_WARN_OBJC_IMPLICIT_RETAIN_SELF = YES;
				CLANG_WARN_OBJC_LITERAL_CONVERSION = YES;
				CLANG_WARN_OBJC_ROOT_CLASS = YES_ERROR;
				CLANG_WARN_QUOTED_INCLUDE_IN_FRAMEWORK_HEADER = YES;
				CLANG_WARN_RANGE_LOOP_ANALYSIS = YES;
				CLANG_WARN_STRICT_PROTOTYPES = YES;
				CLANG_WARN_SUSPICIOUS_MOVE = YES;
				CLANG_WARN_UNGUARDED_AVAILABILITY = YES_AGGRESSIVE;
				CLANG_WARN_UNREACHABLE_CODE = YES;
				CLANG_WARN__DUPLICATE_METHOD_MATCH = YES;
				COPY_PHASE_STRIP = NO;
				DEBUG_INFORMATION_FORMAT = "dwarf-with-dsym";
				ENABLE_NS_ASSERTIONS = NO;
				ENABLE_STRICT_OBJC_MSGSEND = YES;
				GCC_C_LANGUAGE_STANDARD = gnu11;
				GCC_NO_COMMON_BLOCKS = YES;
				GCC_WARN_64_TO_32_BIT_CONVERSION = YES;
				GCC_WARN_ABOUT_RETURN_TYPE = YES_ERROR;
				GCC_WARN_UNDECLARED_SELECTOR = YES;
				GCC_WARN_UNINITIALIZED_AUTOS = YES_AGGRESSIVE;
				GCC_WARN_UNUSED_FUNCTION = YES;
				GCC_WARN_UNUSED_VARIABLE = YES;
				IPHONEOS_DEPLOYMENT_TARGET = 13.0;
				MTL_ENABLE_DEBUG_INFO = NO;
				MTL_FAST_MATH = YES;
				SDKROOT = iphoneos;
				SWIFT_COMPILATION_MODE = wholemodule;
				SWIFT_OPTIMIZATION_LEVEL = "-O";
				VALIDATE_PRODUCT = YES;
			};
			name = Release;
		};
		EFCCDE3026DAA9C1000C4B78 /* Debug */ = {
			isa = XCBuildConfiguration;
			buildSettings = {
				ASSETCATALOG_COMPILER_APPICON_NAME = AppIcon;
				ASSETCATALOG_COMPILER_GLOBAL_ACCENT_COLOR_NAME = AccentColor;
				CODE_SIGN_STYLE = Automatic;
				DEVELOPMENT_TEAM = X7U8Q9FLCU;
				INFOPLIST_FILE = BitnetVehicle/Info.plist;
				LD_RUNPATH_SEARCH_PATHS = (
					"$(inherited)",
					"@executable_path/Frameworks",
				);
				PRODUCT_BUNDLE_IDENTIFIER = "com.anysolutions.apple-samplecode.BitnetVehicle";
				PRODUCT_NAME = "$(TARGET_NAME)";
				SWIFT_VERSION = 5.0;
				TARGETED_DEVICE_FAMILY = 1;
			};
			name = Debug;
		};
		EFCCDE3126DAA9C1000C4B78 /* Release */ = {
			isa = XCBuildConfiguration;
			buildSettings = {
				ASSETCATALOG_COMPILER_APPICON_NAME = AppIcon;
				ASSETCATALOG_COMPILER_GLOBAL_ACCENT_COLOR_NAME = AccentColor;
				CODE_SIGN_STYLE = Automatic;
				DEVELOPMENT_TEAM = X7U8Q9FLCU;
				INFOPLIST_FILE = BitnetVehicle/Info.plist;
				LD_RUNPATH_SEARCH_PATHS = (
					"$(inherited)",
					"@executable_path/Frameworks",
				);
				PRODUCT_BUNDLE_IDENTIFIER = "com.anysolutions.apple-samplecode.BitnetVehicle";
				PRODUCT_NAME = "$(TARGET_NAME)";
				SWIFT_VERSION = 5.0;
				TARGETED_DEVICE_FAMILY = 1;
			};
			name = Release;
		};
/* End XCBuildConfiguration section */

/* Begin XCConfigurationList section */
		EFCCDE1626DAA9BE000C4B78 /* Build configuration list for PBXProject "BitnetVehicle" */ = {
			isa = XCConfigurationList;
			buildConfigurations = (
				EFCCDE2D26DAA9C1000C4B78 /* Debug */,
				EFCCDE2E26DAA9C1000C4B78 /* Release */,
			);
			defaultConfigurationIsVisible = 0;
			defaultConfigurationName = Release;
		};
		EFCCDE2F26DAA9C1000C4B78 /* Build configuration list for PBXNativeTarget "BitnetVehicle" */ = {
			isa = XCConfigurationList;
			buildConfigurations = (
				EFCCDE3026DAA9C1000C4B78 /* Debug */,
				EFCCDE3126DAA9C1000C4B78 /* Release */,
			);
			defaultConfigurationIsVisible = 0;
			defaultConfigurationName = Release;
		};
/* End XCConfigurationList section */
	};
	rootObject = EFCCDE1326DAA9BE000C4B78 /* Project object */;
}
